
Microsoft Visual Studio Solution File, Format Version 12.00
# Visual Studio Version 17
VisualStudioVersion = 17.3.32825.248
MinimumVisualStudioVersion = 10.0.40219.1
Project("{FAE04EC0-301F-11D3-BF4B-00C04F79EFBC}") = "console-kigyo-teljes", "console-kigyo-teljes.csproj", "{F651E1D7-9D26-498C-93F3-9A55BE497E21}"
EndProject
Global
	GlobalSection(SolutionConfigurationPlatforms) = preSolution
		Debug|Any CPU = Debug|Any CPU
		Release|Any CPU = Release|Any CPU
	EndGlobalSection
	GlobalSection(ProjectConfigurationPlatforms) = postSolution
		{F651E1D7-9D26-498C-93F3-9A55BE497E21}.Debug|Any CPU.ActiveCfg = Debug|Any CPU
		{F651E1D7-9D26-498C-93F3-9A55BE497E21}.Debug|Any CPU.Build.0 = Debug|Any CPU
		{F651E1D7-9D26-498C-93F3-9A55BE497E21}.Release|Any CPU.ActiveCfg = Release|Any CPU
		{F651E1D7-9D26-498C-93F3-9A55BE497E21}.Release|Any CPU.Build.0 = Release|Any CPU
	EndGlobalSection
	GlobalSection(SolutionProperties) = preSolution
		HideSolutionNode = FALSE
	EndGlobalSection
	GlobalSection(ExtensibilityGlobals) = postSolution
		SolutionGuid = {176FA6B8-6797-459E-BEFD-8916DDDCCAA8}
	EndGlobalSection
EndGlobal
