
Microsoft Visual Studio Solution File, Format Version 12.00
# Visual Studio Version 17
VisualStudioVersion = 17.4.33213.308
MinimumVisualStudioVersion = 10.0.40219.1
Project("{FAE04EC0-301F-11D3-BF4B-00C04F79EFBC}") = "szamkitalalo", "szamkitalalo.csproj", "{E80E417E-4F1A-4376-B9C5-E23F3CDAD15A}"
EndProject
Global
	GlobalSection(SolutionConfigurationPlatforms) = preSolution
		Debug|Any CPU = Debug|Any CPU
		Release|Any CPU = Release|Any CPU
	EndGlobalSection
	GlobalSection(ProjectConfigurationPlatforms) = postSolution
		{E80E417E-4F1A-4376-B9C5-E23F3CDAD15A}.Debug|Any CPU.ActiveCfg = Debug|Any CPU
		{E80E417E-4F1A-4376-B9C5-E23F3CDAD15A}.Debug|Any CPU.Build.0 = Debug|Any CPU
		{E80E417E-4F1A-4376-B9C5-E23F3CDAD15A}.Release|Any CPU.ActiveCfg = Release|Any CPU
		{E80E417E-4F1A-4376-B9C5-E23F3CDAD15A}.Release|Any CPU.Build.0 = Release|Any CPU
	EndGlobalSection
	GlobalSection(SolutionProperties) = preSolution
		HideSolutionNode = FALSE
	EndGlobalSection
	GlobalSection(ExtensibilityGlobals) = postSolution
		SolutionGuid = {33AD8813-6B4A-4314-B0EE-39551A2C6D19}
	EndGlobalSection
EndGlobal
